
Microsoft Visual Studio Solution File, Format Version 11.00
# Visual Studio 2010
Project("{FAE04EC0-301F-11D3-BF4B-00C04F79EFBC}") = "Assembly-CSharp", "Assembly-CSharp.csproj", "{C29306A6-85FD-E804-A25D-F0A284D6AD10}"
EndProject
Project("{FAE04EC0-301F-11D3-BF4B-00C04F79EFBC}") = "GameAssembly", "GameAssembly.csproj", "{C51E3F41-928F-B890-3DA7-4E21AA55132D}"
EndProject
Project("{FAE04EC0-301F-11D3-BF4B-00C04F79EFBC}") = "Tests", "Tests.csproj", "{98C4727F-C75B-24BC-BBA3-AD35289A96B5}"
EndProject
Project("{FAE04EC0-301F-11D3-BF4B-00C04F79EFBC}") = "Assembly-CSharp-Editor", "Assembly-CSharp-Editor.csproj", "{459F10C4-C235-892E-1DE9-6DE317693B17}"
EndProject
Project("{FAE04EC0-301F-11D3-BF4B-00C04F79EFBC}") = "TestsEditmode", "TestsEditmode.csproj", "{B3B897C4-7FE5-AA10-8E0C-133ECD182C6D}"
EndProject
Global
	GlobalSection(SolutionConfigurationPlatforms) = preSolution
		Debug|Any CPU = Debug|Any CPU
		Release|Any CPU = Release|Any CPU
	EndGlobalSection
	GlobalSection(ProjectConfigurationPlatforms) = postSolution
		{C29306A6-85FD-E804-A25D-F0A284D6AD10}.Debug|Any CPU.ActiveCfg = Debug|Any CPU
		{C29306A6-85FD-E804-A25D-F0A284D6AD10}.Debug|Any CPU.Build.0 = Debug|Any CPU
		{C29306A6-85FD-E804-A25D-F0A284D6AD10}.Release|Any CPU.ActiveCfg = Release|Any CPU
		{C29306A6-85FD-E804-A25D-F0A284D6AD10}.Release|Any CPU.Build.0 = Release|Any CPU
		{C51E3F41-928F-B890-3DA7-4E21AA55132D}.Debug|Any CPU.ActiveCfg = Debug|Any CPU
		{C51E3F41-928F-B890-3DA7-4E21AA55132D}.Debug|Any CPU.Build.0 = Debug|Any CPU
		{C51E3F41-928F-B890-3DA7-4E21AA55132D}.Release|Any CPU.ActiveCfg = Release|Any CPU
		{C51E3F41-928F-B890-3DA7-4E21AA55132D}.Release|Any CPU.Build.0 = Release|Any CPU
		{98C4727F-C75B-24BC-BBA3-AD35289A96B5}.Debug|Any CPU.ActiveCfg = Debug|Any CPU
		{98C4727F-C75B-24BC-BBA3-AD35289A96B5}.Debug|Any CPU.Build.0 = Debug|Any CPU
		{98C4727F-C75B-24BC-BBA3-AD35289A96B5}.Release|Any CPU.ActiveCfg = Release|Any CPU
		{98C4727F-C75B-24BC-BBA3-AD35289A96B5}.Release|Any CPU.Build.0 = Release|Any CPU
		{459F10C4-C235-892E-1DE9-6DE317693B17}.Debug|Any CPU.ActiveCfg = Debug|Any CPU
		{459F10C4-C235-892E-1DE9-6DE317693B17}.Debug|Any CPU.Build.0 = Debug|Any CPU
		{459F10C4-C235-892E-1DE9-6DE317693B17}.Release|Any CPU.ActiveCfg = Release|Any CPU
		{459F10C4-C235-892E-1DE9-6DE317693B17}.Release|Any CPU.Build.0 = Release|Any CPU
		{B3B897C4-7FE5-AA10-8E0C-133ECD182C6D}.Debug|Any CPU.ActiveCfg = Debug|Any CPU
		{B3B897C4-7FE5-AA10-8E0C-133ECD182C6D}.Debug|Any CPU.Build.0 = Debug|Any CPU
		{B3B897C4-7FE5-AA10-8E0C-133ECD182C6D}.Release|Any CPU.ActiveCfg = Release|Any CPU
		{B3B897C4-7FE5-AA10-8E0C-133ECD182C6D}.Release|Any CPU.Build.0 = Release|Any CPU
	EndGlobalSection
	GlobalSection(SolutionProperties) = preSolution
		HideSolutionNode = FALSE
	EndGlobalSection
EndGlobal
